PODS:
  - Flutter (1.0.0)
  - flutter_aar (0.0.1):
    - Flutter
  - wander_i_pay88 (0.0.1):
    - Flutter

DEPENDENCIES:
  - Flutter (from `Flutter`)
  - flutter_aar (from `.symlinks/plugins/flutter_aar/ios`)
  - wander_i_pay88 (from `.symlinks/plugins/wander_i_pay88/ios`)

EXTERNAL SOURCES:
  Flutter:
    :path: Flutter
  flutter_aar:
    :path: ".symlinks/plugins/flutter_aar/ios"
  wander_i_pay88:
    :path: ".symlinks/plugins/wander_i_pay88/ios"

SPEC CHECKSUMS:
  Flutter: 50d75fe2f02b26cc09d224853bb45737f8b3214a
  flutter_aar: 8a6f1de617b44492451f76ed9f2fa226fbfd963e
  wander_i_pay88: c9054056b6a53f83834a1fbc45e252b9d244cb89

PODFILE CHECKSUM: 8e679eca47255a8ca8067c4c67aab20e64cb974d

COCOAPODS: 1.11.3
