PODS:
  - Flutter (1.0.0)
  - flutter_aar (0.0.1):
    - Flutter
  - wander_i_pay88 (0.0.6):
    - Flutter

DEPENDENCIES:
  - Flutter (from `Flutter`)
  - flutter_aar (from `.symlinks/plugins/flutter_aar/ios`)
  - wander_i_pay88 (from `.symlinks/plugins/wander_i_pay88/ios`)

EXTERNAL SOURCES:
  Flutter:
    :path: Flutter
  flutter_aar:
    :path: ".symlinks/plugins/flutter_aar/ios"
  wander_i_pay88:
    :path: ".symlinks/plugins/wander_i_pay88/ios"

SPEC CHECKSUMS:
  Flutter: f04841e97a9d0b0a8025694d0796dd46242b2854
  flutter_aar: 8a6f1de617b44492451f76ed9f2fa226fbfd963e
  wander_i_pay88: 60f1a9d9ec04579be1daf164cdf18d9e2e1218ec

PODFILE CHECKSUM: 8e679eca47255a8ca8067c4c67aab20e64cb974d

COCOAPODS: 1.11.3
